
Microsoft Visual Studio Solution File, Format Version 12.00
# Visual Studio Version 16
VisualStudioVersion = 16.0.30523.141
MinimumVisualStudioVersion = 10.0.40219.1
Project("{FAE04EC0-301F-11D3-BF4B-00C04F79EFBC}") = "JavascriptCodingExerciseHomework1", "JavascriptCodingExerciseHomework1\JavascriptCodingExerciseHomework1.csproj", "{1DA85B75-4C11-49C2-91F7-9F03D27D77E6}"
EndProject
Global
	GlobalSection(SolutionConfigurationPlatforms) = preSolution
		Debug|Any CPU = Debug|Any CPU
		Release|Any CPU = Release|Any CPU
	EndGlobalSection
	GlobalSection(ProjectConfigurationPlatforms) = postSolution
		{1DA85B75-4C11-49C2-91F7-9F03D27D77E6}.Debug|Any CPU.ActiveCfg = Debug|Any CPU
		{1DA85B75-4C11-49C2-91F7-9F03D27D77E6}.Debug|Any CPU.Build.0 = Debug|Any CPU
		{1DA85B75-4C11-49C2-91F7-9F03D27D77E6}.Release|Any CPU.ActiveCfg = Release|Any CPU
		{1DA85B75-4C11-49C2-91F7-9F03D27D77E6}.Release|Any CPU.Build.0 = Release|Any CPU
	EndGlobalSection
	GlobalSection(SolutionProperties) = preSolution
		HideSolutionNode = FALSE
	EndGlobalSection
	GlobalSection(ExtensibilityGlobals) = postSolution
		SolutionGuid = {961B9739-E1B4-449C-8E60-11AC43922C1D}
	EndGlobalSection
EndGlobal
